
Microsoft Visual Studio Solution File, Format Version 12.00
# Visual Studio 15
VisualStudioVersion = 15.0.28307.572
MinimumVisualStudioVersion = 10.0.40219.1
Project("{FAE04EC0-301F-11D3-BF4B-00C04F79EFBC}") = "1", "1\1.csproj", "{3C167D46-4B19-4FBA-8E0A-7E03BD96ADD7}"
EndProject
Global
	GlobalSection(SolutionConfigurationPlatforms) = preSolution
		Debug|Any CPU = Debug|Any CPU
		Release|Any CPU = Release|Any CPU
	EndGlobalSection
	GlobalSection(ProjectConfigurationPlatforms) = postSolution
		{3C167D46-4B19-4FBA-8E0A-7E03BD96ADD7}.Debug|Any CPU.ActiveCfg = Debug|Any CPU
		{3C167D46-4B19-4FBA-8E0A-7E03BD96ADD7}.Debug|Any CPU.Build.0 = Debug|Any CPU
		{3C167D46-4B19-4FBA-8E0A-7E03BD96ADD7}.Release|Any CPU.ActiveCfg = Release|Any CPU
		{3C167D46-4B19-4FBA-8E0A-7E03BD96ADD7}.Release|Any CPU.Build.0 = Release|Any CPU
	EndGlobalSection
	GlobalSection(SolutionProperties) = preSolution
		HideSolutionNode = FALSE
	EndGlobalSection
	GlobalSection(ExtensibilityGlobals) = postSolution
		SolutionGuid = {83EDBAF3-D076-4621-B2CD-0D562E8B04C3}
	EndGlobalSection
EndGlobal
