
Microsoft Visual Studio Solution File, Format Version 12.00
# Visual Studio 15
VisualStudioVersion = 15.0.28307.572
MinimumVisualStudioVersion = 10.0.40219.1
Project("{FAE04EC0-301F-11D3-BF4B-00C04F79EFBC}") = "1 зад вар 8", "1 зад вар 8\1 зад вар 8.csproj", "{30840BA1-EC61-48C8-81DA-0F700D600CF1}"
EndProject
Global
	GlobalSection(SolutionConfigurationPlatforms) = preSolution
		Debug|Any CPU = Debug|Any CPU
		Release|Any CPU = Release|Any CPU
	EndGlobalSection
	GlobalSection(ProjectConfigurationPlatforms) = postSolution
		{30840BA1-EC61-48C8-81DA-0F700D600CF1}.Debug|Any CPU.ActiveCfg = Debug|Any CPU
		{30840BA1-EC61-48C8-81DA-0F700D600CF1}.Debug|Any CPU.Build.0 = Debug|Any CPU
		{30840BA1-EC61-48C8-81DA-0F700D600CF1}.Release|Any CPU.ActiveCfg = Release|Any CPU
		{30840BA1-EC61-48C8-81DA-0F700D600CF1}.Release|Any CPU.Build.0 = Release|Any CPU
	EndGlobalSection
	GlobalSection(SolutionProperties) = preSolution
		HideSolutionNode = FALSE
	EndGlobalSection
	GlobalSection(ExtensibilityGlobals) = postSolution
		SolutionGuid = {29DCCE2B-FB5D-4727-A356-298EDDE2A729}
	EndGlobalSection
EndGlobal
