
Microsoft Visual Studio Solution File, Format Version 12.00
# Visual Studio 15
VisualStudioVersion = 15.0.28307.572
MinimumVisualStudioVersion = 10.0.40219.1
Project("{FAE04EC0-301F-11D3-BF4B-00C04F79EFBC}") = "ConsoleApp36", "ConsoleApp36\ConsoleApp36.csproj", "{CD5EA9CB-F691-4DA2-BCD6-C7E4B6EC3BF6}"
EndProject
Global
	GlobalSection(SolutionConfigurationPlatforms) = preSolution
		Debug|Any CPU = Debug|Any CPU
		Release|Any CPU = Release|Any CPU
	EndGlobalSection
	GlobalSection(ProjectConfigurationPlatforms) = postSolution
		{CD5EA9CB-F691-4DA2-BCD6-C7E4B6EC3BF6}.Debug|Any CPU.ActiveCfg = Debug|Any CPU
		{CD5EA9CB-F691-4DA2-BCD6-C7E4B6EC3BF6}.Debug|Any CPU.Build.0 = Debug|Any CPU
		{CD5EA9CB-F691-4DA2-BCD6-C7E4B6EC3BF6}.Release|Any CPU.ActiveCfg = Release|Any CPU
		{CD5EA9CB-F691-4DA2-BCD6-C7E4B6EC3BF6}.Release|Any CPU.Build.0 = Release|Any CPU
	EndGlobalSection
	GlobalSection(SolutionProperties) = preSolution
		HideSolutionNode = FALSE
	EndGlobalSection
	GlobalSection(ExtensibilityGlobals) = postSolution
		SolutionGuid = {7D188D6F-4D52-4A7F-AE6E-C8896A6264CE}
	EndGlobalSection
EndGlobal
